// !$*UTF8*$!
{
	archiveVersion = 1;
	classes = {
	};
	objectVersion = 46;
	objects = {

/* Begin PBXBuildFile section */
		141A99211EA991EC00F0CF92 /* AppDelegate.swift in Sources */ = {isa = PBXBuildFile; fileRef = 141A99201EA991EC00F0CF92 /* AppDelegate.swift */; };
		141A99231EA991EC00F0CF92 /* ViewController.swift in Sources */ = {isa = PBXBuildFile; fileRef = 141A99221EA991EC00F0CF92 /* ViewController.swift */; };
		141A99261EA991EC00F0CF92 /* Main.storyboard in Resources */ = {isa = PBXBuildFile; fileRef = 141A99241EA991EC00F0CF92 /* Main.storyboard */; };
		141A99281EA991EC00F0CF92 /* Assets.xcassets in Resources */ = {isa = PBXBuildFile; fileRef = 141A99271EA991EC00F0CF92 /* Assets.xcassets */; };
		141A992B1EA991EC00F0CF92 /* LaunchScreen.storyboard in Resources */ = {isa = PBXBuildFile; fileRef = 141A99291EA991EC00F0CF92 /* LaunchScreen.storyboard */; };
		141A99361EA991EC00F0CF92 /* _____Tests.swift in Sources */ = {isa = PBXBuildFile; fileRef = 141A99351EA991EC00F0CF92 /* _____Tests.swift */; };
		141A99411EA991EC00F0CF92 /* _____UITests.swift in Sources */ = {isa = PBXBuildFile; fileRef = 141A99401EA991EC00F0CF92 /* _____UITests.swift */; };
		141A99551EA9922300F0CF92 /* 情非得已.lrc in Resources */ = {isa = PBXBuildFile; fileRef = 141A994F1EA9922300F0CF92 /* 情非得已.lrc */; };
		141A99561EA9922300F0CF92 /* 情非得已.mp3 in Resources */ = {isa = PBXBuildFile; fileRef = 141A99501EA9922300F0CF92 /* 情非得已.mp3 */; };
		141A99571EA9922300F0CF92 /* 林俊杰-背对背拥抱.lrc in Resources */ = {isa = PBXBuildFile; fileRef = 141A99511EA9922300F0CF92 /* 林俊杰-背对背拥抱.lrc */; };
		141A99581EA9922300F0CF92 /* 林俊杰-背对背拥抱.mp3 in Resources */ = {isa = PBXBuildFile; fileRef = 141A99521EA9922300F0CF92 /* 林俊杰-背对背拥抱.mp3 */; };
		141A99591EA9922300F0CF92 /* 梁静茹-偶阵雨.lrc in Resources */ = {isa = PBXBuildFile; fileRef = 141A99531EA9922300F0CF92 /* 梁静茹-偶阵雨.lrc */; };
		141A995A1EA9922300F0CF92 /* 梁静茹-偶阵雨.mp3 in Resources */ = {isa = PBXBuildFile; fileRef = 141A99541EA9922300F0CF92 /* 梁静茹-偶阵雨.mp3 */; };
		141A995C1EA994F500F0CF92 /* Music.swift in Sources */ = {isa = PBXBuildFile; fileRef = 141A995B1EA994F500F0CF92 /* Music.swift */; };
		141A99601EA9A4F200F0CF92 /* MusicTool.swift in Sources */ = {isa = PBXBuildFile; fileRef = 141A995F1EA9A4F200F0CF92 /* MusicTool.swift */; };
/* End PBXBuildFile section */

/* Begin PBXContainerItemProxy section */
		141A99321EA991EC00F0CF92 /* PBXContainerItemProxy */ = {
			isa = PBXContainerItemProxy;
			containerPortal = 141A99151EA991EB00F0CF92 /* Project object */;
			proxyType = 1;
			remoteGlobalIDString = 141A991C1EA991EB00F0CF92;
			remoteInfo = "音乐播放器";
		};
		141A993D1EA991EC00F0CF92 /* PBXContainerItemProxy */ = {
			isa = PBXContainerItemProxy;
			containerPortal = 141A99151EA991EB00F0CF92 /* Project object */;
			proxyType = 1;
			remoteGlobalIDString = 141A991C1EA991EB00F0CF92;
			remoteInfo = "音乐播放器";
		};
/* End PBXContainerItemProxy section */

/* Begin PBXFileReference section */
		141A991D1EA991EB00F0CF92 /* 音乐播放器.app */ = {isa = PBXFileReference; explicitFileType = wrapper.application; includeInIndex = 0; path = "音乐播放器.app"; sourceTree = BUILT_PRODUCTS_DIR; };
		141A99201EA991EC00F0CF92 /* AppDelegate.swift */ = {isa = PBXFileReference; lastKnownFileType = sourcecode.swift; path = AppDelegate.swift; sourceTree = "<group>"; };
		141A99221EA991EC00F0CF92 /* ViewController.swift */ = {isa = PBXFileReference; lastKnownFileType = sourcecode.swift; path = ViewController.swift; sourceTree = "<group>"; };
		141A99251EA991EC00F0CF92 /* Base */ = {isa = PBXFileReference; lastKnownFileType = file.storyboard; name = Base; path = Base.lproj/Main.storyboard; sourceTree = "<group>"; };
		141A99271EA991EC00F0CF92 /* Assets.xcassets */ = {isa = PBXFileReference; lastKnownFileType = folder.assetcatalog; path = Assets.xcassets; sourceTree = "<group>"; };
		141A992A1EA991EC00F0CF92 /* Base */ = {isa = PBXFileReference; lastKnownFileType = file.storyboard; name = Base; path = Base.lproj/LaunchScreen.storyboard; sourceTree = "<group>"; };
		141A992C1EA991EC00F0CF92 /* Info.plist */ = {isa = PBXFileReference; lastKnownFileType = text.plist.xml; path = Info.plist; sourceTree = "<group>"; };
		141A99311EA991EC00F0CF92 /* 音乐播放器Tests.xctest */ = {isa = PBXFileReference; explicitFileType = wrapper.cfbundle; includeInIndex = 0; path = "音乐播放器Tests.xctest"; sourceTree = BUILT_PRODUCTS_DIR; };
		141A99351EA991EC00F0CF92 /* _____Tests.swift */ = {isa = PBXFileReference; lastKnownFileType = sourcecode.swift; path = "_____Tests.swift"; sourceTree = "<group>"; };
		141A99371EA991EC00F0CF92 /* Info.plist */ = {isa = PBXFileReference; lastKnownFileType = text.plist.xml; path = Info.plist; sourceTree = "<group>"; };
		141A993C1EA991EC00F0CF92 /* 音乐播放器UITests.xctest */ = {isa = PBXFileReference; explicitFileType = wrapper.cfbundle; includeInIndex = 0; path = "音乐播放器UITests.xctest"; sourceTree = BUILT_PRODUCTS_DIR; };
		141A99401EA991EC00F0CF92 /* _____UITests.swift */ = {isa = PBXFileReference; lastKnownFileType = sourcecode.swift; path = "_____UITests.swift"; sourceTree = "<group>"; };
		141A99421EA991EC00F0CF92 /* Info.plist */ = {isa = PBXFileReference; lastKnownFileType = text.plist.xml; path = Info.plist; sourceTree = "<group>"; };
		141A994F1EA9922300F0CF92 /* 情非得已.lrc */ = {isa = PBXFileReference; fileEncoding = 4; lastKnownFileType = text; path = "情非得已.lrc"; sourceTree = "<group>"; };
		141A99501EA9922300F0CF92 /* 情非得已.mp3 */ = {isa = PBXFileReference; lastKnownFileType = audio.mp3; path = "情非得已.mp3"; sourceTree = "<group>"; };
		141A99511EA9922300F0CF92 /* 林俊杰-背对背拥抱.lrc */ = {isa = PBXFileReference; fileEncoding = 4; lastKnownFileType = text; path = "林俊杰-背对背拥抱.lrc"; sourceTree = "<group>"; };
		141A99521EA9922300F0CF92 /* 林俊杰-背对背拥抱.mp3 */ = {isa = PBXFileReference; lastKnownFileType = audio.mp3; path = "林俊杰-背对背拥抱.mp3"; sourceTree = "<group>"; };
		141A99531EA9922300F0CF92 /* 梁静茹-偶阵雨.lrc */ = {isa = PBXFileReference; fileEncoding = 4; lastKnownFileType = text; path = "梁静茹-偶阵雨.lrc"; sourceTree = "<group>"; };
		141A99541EA9922300F0CF92 /* 梁静茹-偶阵雨.mp3 */ = {isa = PBXFileReference; lastKnownFileType = audio.mp3; path = "梁静茹-偶阵雨.mp3"; sourceTree = "<group>"; };
		141A995B1EA994F500F0CF92 /* Music.swift */ = {isa = PBXFileReference; fileEncoding = 4; lastKnownFileType = sourcecode.swift; path = Music.swift; sourceTree = "<group>"; };
		141A995F1EA9A4F200F0CF92 /* MusicTool.swift */ = {isa = PBXFileReference; fileEncoding = 4; lastKnownFileType = sourcecode.swift; path = MusicTool.swift; sourceTree = "<group>"; };
/* End PBXFileReference section */

/* Begin PBXFrameworksBuildPhase section */
		141A991A1EA991EB00F0CF92 /* Frameworks */ = {
			isa = PBXFrameworksBuildPhase;
			buildActionMask = 2147483647;
			files = (
			);
			runOnlyForDeploymentPostprocessing = 0;
		};
		141A992E1EA991EC00F0CF92 /* Frameworks */ = {
			isa = PBXFrameworksBuildPhase;
			buildActionMask = 2147483647;
			files = (
			);
			runOnlyForDeploymentPostprocessing = 0;
		};
		141A99391EA991EC00F0CF92 /* Frameworks */ = {
			isa = PBXFrameworksBuildPhase;
			buildActionMask = 2147483647;
			files = (
			);
			runOnlyForDeploymentPostprocessing = 0;
		};
/* End PBXFrameworksBuildPhase section */

/* Begin PBXGroup section */
		1404F1FC1EEA2CCC00DED072 /* MasicTools */ = {
			isa = PBXGroup;
			children = (
			);
			name = MasicTools;
			sourceTree = "<group>";
		};
		141A99141EA991EB00F0CF92 = {
			isa = PBXGroup;
			children = (
				141A991F1EA991EB00F0CF92 /* 音乐播放器 */,
				141A99341EA991EC00F0CF92 /* 音乐播放器Tests */,
				141A993F1EA991EC00F0CF92 /* 音乐播放器UITests */,
				141A991E1EA991EB00F0CF92 /* Products */,
			);
			sourceTree = "<group>";
		};
		141A991E1EA991EB00F0CF92 /* Products */ = {
			isa = PBXGroup;
			children = (
				141A991D1EA991EB00F0CF92 /* 音乐播放器.app */,
				141A99311EA991EC00F0CF92 /* 音乐播放器Tests.xctest */,
				141A993C1EA991EC00F0CF92 /* 音乐播放器UITests.xctest */,
			);
			name = Products;
			sourceTree = "<group>";
		};
		141A991F1EA991EB00F0CF92 /* 音乐播放器 */ = {
			isa = PBXGroup;
			children = (
				1404F1FC1EEA2CCC00DED072 /* MasicTools */,
				141A994E1EA9922300F0CF92 /* resource */,
				141A99201EA991EC00F0CF92 /* AppDelegate.swift */,
				141A99221EA991EC00F0CF92 /* ViewController.swift */,
				141A99241EA991EC00F0CF92 /* Main.storyboard */,
				141A99271EA991EC00F0CF92 /* Assets.xcassets */,
				141A99291EA991EC00F0CF92 /* LaunchScreen.storyboard */,
				141A992C1EA991EC00F0CF92 /* Info.plist */,
				141A995B1EA994F500F0CF92 /* Music.swift */,
				141A995F1EA9A4F200F0CF92 /* MusicTool.swift */,
			);
			path = "音乐播放器";
			sourceTree = "<group>";
		};
		141A99341EA991EC00F0CF92 /* 音乐播放器Tests */ = {
			isa = PBXGroup;
			children = (
				141A99351EA991EC00F0CF92 /* _____Tests.swift */,
				141A99371EA991EC00F0CF92 /* Info.plist */,
			);
			path = "音乐播放器Tests";
			sourceTree = "<group>";
		};
		141A993F1EA991EC00F0CF92 /* 音乐播放器UITests */ = {
			isa = PBXGroup;
			children = (
				141A99401EA991EC00F0CF92 /* _____UITests.swift */,
				141A99421EA991EC00F0CF92 /* Info.plist */,
			);
			path = "音乐播放器UITests";
			sourceTree = "<group>";
		};
		141A994E1EA9922300F0CF92 /* resource */ = {
			isa = PBXGroup;
			children = (
				141A994F1EA9922300F0CF92 /* 情非得已.lrc */,
				141A99501EA9922300F0CF92 /* 情非得已.mp3 */,
				141A99511EA9922300F0CF92 /* 林俊杰-背对背拥抱.lrc */,
				141A99521EA9922300F0CF92 /* 林俊杰-背对背拥抱.mp3 */,
				141A99531EA9922300F0CF92 /* 梁静茹-偶阵雨.lrc */,
				141A99541EA9922300F0CF92 /* 梁静茹-偶阵雨.mp3 */,
			);
			path = resource;
			sourceTree = "<group>";
		};
/* End PBXGroup section */

/* Begin PBXNativeTarget section */
		141A991C1EA991EB00F0CF92 /* 音乐播放器 */ = {
			isa = PBXNativeTarget;
			buildConfigurationList = 141A99451EA991EC00F0CF92 /* Build configuration list for PBXNativeTarget "音乐播放器" */;
			buildPhases = (
				141A99191EA991EB00F0CF92 /* Sources */,
				141A991A1EA991EB00F0CF92 /* Frameworks */,
				141A991B1EA991EB00F0CF92 /* Resources */,
			);
			buildRules = (
			);
			dependencies = (
			);
			name = "音乐播放器";
			productName = "音乐播放器";
			productReference = 141A991D1EA991EB00F0CF92 /* 音乐播放器.app */;
			productType = "com.apple.product-type.application";
		};
		141A99301EA991EC00F0CF92 /* 音乐播放器Tests */ = {
			isa = PBXNativeTarget;
			buildConfigurationList = 141A99481EA991EC00F0CF92 /* Build configuration list for PBXNativeTarget "音乐播放器Tests" */;
			buildPhases = (
				141A992D1EA991EC00F0CF92 /* Sources */,
				141A992E1EA991EC00F0CF92 /* Frameworks */,
				141A992F1EA991EC00F0CF92 /* Resources */,
			);
			buildRules = (
			);
			dependencies = (
				141A99331EA991EC00F0CF92 /* PBXTargetDependency */,
			);
			name = "音乐播放器Tests";
			productName = "音乐播放器Tests";
			productReference = 141A99311EA991EC00F0CF92 /* 音乐播放器Tests.xctest */;
			productType = "com.apple.product-type.bundle.unit-test";
		};
		141A993B1EA991EC00F0CF92 /* 音乐播放器UITests */ = {
			isa = PBXNativeTarget;
			buildConfigurationList = 141A994B1EA991EC00F0CF92 /* Build configuration list for PBXNativeTarget "音乐播放器UITests" */;
			buildPhases = (
				141A99381EA991EC00F0CF92 /* Sources */,
				141A99391EA991EC00F0CF92 /* Frameworks */,
				141A993A1EA991EC00F0CF92 /* Resources */,
			);
			buildRules = (
			);
			dependencies = (
				141A993E1EA991EC00F0CF92 /* PBXTargetDependency */,
			);
			name = "音乐播放器UITests";
			productName = "音乐播放器UITests";
			productReference = 141A993C1EA991EC00F0CF92 /* 音乐播放器UITests.xctest */;
			productType = "com.apple.product-type.bundle.ui-testing";
		};
/* End PBXNativeTarget section */

/* Begin PBXProject section */
		141A99151EA991EB00F0CF92 /* Project object */ = {
			isa = PBXProject;
			attributes = {
				LastSwiftUpdateCheck = 0830;
				LastUpgradeCheck = 0830;
				ORGANIZATIONNAME = test;
				TargetAttributes = {
					141A991C1EA991EB00F0CF92 = {
						CreatedOnToolsVersion = 8.3;
						DevelopmentTeam = D35W2W2S5R;
						ProvisioningStyle = Automatic;
					};
					141A99301EA991EC00F0CF92 = {
						CreatedOnToolsVersion = 8.3;
						ProvisioningStyle = Automatic;
						TestTargetID = 141A991C1EA991EB00F0CF92;
					};
					141A993B1EA991EC00F0CF92 = {
						CreatedOnToolsVersion = 8.3;
						ProvisioningStyle = Automatic;
						TestTargetID = 141A991C1EA991EB00F0CF92;
					};
				};
			};
			buildConfigurationList = 141A99181EA991EB00F0CF92 /* Build configuration list for PBXProject "音乐播放器" */;
			compatibilityVersion = "Xcode 3.2";
			developmentRegion = English;
			hasScannedForEncodings = 0;
			knownRegions = (
				en,
				Base,
			);
			mainGroup = 141A99141EA991EB00F0CF92;
			productRefGroup = 141A991E1EA991EB00F0CF92 /* Products */;
			projectDirPath = "";
			projectRoot = "";
			targets = (
				141A991C1EA991EB00F0CF92 /* 音乐播放器 */,
				141A99301EA991EC00F0CF92 /* 音乐播放器Tests */,
				141A993B1EA991EC00F0CF92 /* 音乐播放器UITests */,
			);
		};
/* End PBXProject section */

/* Begin PBXResourcesBuildPhase section */
		141A991B1EA991EB00F0CF92 /* Resources */ = {
			isa = PBXResourcesBuildPhase;
			buildActionMask = 2147483647;
			files = (
				141A992B1EA991EC00F0CF92 /* LaunchScreen.storyboard in Resources */,
				141A99281EA991EC00F0CF92 /* Assets.xcassets in Resources */,
				141A99561EA9922300F0CF92 /* 情非得已.mp3 in Resources */,
				141A99571EA9922300F0CF92 /* 林俊杰-背对背拥抱.lrc in Resources */,
				141A99261EA991EC00F0CF92 /* Main.storyboard in Resources */,
				141A995A1EA9922300F0CF92 /* 梁静茹-偶阵雨.mp3 in Resources */,
				141A99591EA9922300F0CF92 /* 梁静茹-偶阵雨.lrc in Resources */,
				141A99551EA9922300F0CF92 /* 情非得已.lrc in Resources */,
				141A99581EA9922300F0CF92 /* 林俊杰-背对背拥抱.mp3 in Resources */,
			);
			runOnlyForDeploymentPostprocessing = 0;
		};
		141A992F1EA991EC00F0CF92 /* Resources */ = {
			isa = PBXResourcesBuildPhase;
			buildActionMask = 2147483647;
			files = (
			);
			runOnlyForDeploymentPostprocessing = 0;
		};
		141A993A1EA991EC00F0CF92 /* Resources */ = {
			isa = PBXResourcesBuildPhase;
			buildActionMask = 2147483647;
			files = (
			);
			runOnlyForDeploymentPostprocessing = 0;
		};
/* End PBXResourcesBuildPhase section */

/* Begin PBXSourcesBuildPhase section */
		141A99191EA991EB00F0CF92 /* Sources */ = {
			isa = PBXSourcesBuildPhase;
			buildActionMask = 2147483647;
			files = (
				141A99231EA991EC00F0CF92 /* ViewController.swift in Sources */,
				141A99601EA9A4F200F0CF92 /* MusicTool.swift in Sources */,
				141A99211EA991EC00F0CF92 /* AppDelegate.swift in Sources */,
				141A995C1EA994F500F0CF92 /* Music.swift in Sources */,
			);
			runOnlyForDeploymentPostprocessing = 0;
		};
		141A992D1EA991EC00F0CF92 /* Sources */ = {
			isa = PBXSourcesBuildPhase;
			buildActionMask = 2147483647;
			files = (
				141A99361EA991EC00F0CF92 /* _____Tests.swift in Sources */,
			);
			runOnlyForDeploymentPostprocessing = 0;
		};
		141A99381EA991EC00F0CF92 /* Sources */ = {
			isa = PBXSourcesBuildPhase;
			buildActionMask = 2147483647;
			files = (
				141A99411EA991EC00F0CF92 /* _____UITests.swift in Sources */,
			);
			runOnlyForDeploymentPostprocessing = 0;
		};
/* End PBXSourcesBuildPhase section */

/* Begin PBXTargetDependency section */
		141A99331EA991EC00F0CF92 /* PBXTargetDependency */ = {
			isa = PBXTargetDependency;
			target = 141A991C1EA991EB00F0CF92 /* 音乐播放器 */;
			targetProxy = 141A99321EA991EC00F0CF92 /* PBXContainerItemProxy */;
		};
		141A993E1EA991EC00F0CF92 /* PBXTargetDependency */ = {
			isa = PBXTargetDependency;
			target = 141A991C1EA991EB00F0CF92 /* 音乐播放器 */;
			targetProxy = 141A993D1EA991EC00F0CF92 /* PBXContainerItemProxy */;
		};
/* End PBXTargetDependency section */

/* Begin PBXVariantGroup section */
		141A99241EA991EC00F0CF92 /* Main.storyboard */ = {
			isa = PBXVariantGroup;
			children = (
				141A99251EA991EC00F0CF92 /* Base */,
			);
			name = Main.storyboard;
			sourceTree = "<group>";
		};
		141A99291EA991EC00F0CF92 /* LaunchScreen.storyboard */ = {
			isa = PBXVariantGroup;
			children = (
				141A992A1EA991EC00F0CF92 /* Base */,
			);
			name = LaunchScreen.storyboard;
			sourceTree = "<group>";
		};
/* End PBXVariantGroup section */

/* Begin XCBuildConfiguration section */
		141A99431EA991EC00F0CF92 /* Debug */ = {
			isa = XCBuildConfiguration;
			buildSettings = {
				ALWAYS_SEARCH_USER_PATHS = NO;
				CLANG_ANALYZER_NONNULL = YES;
				CLANG_ANALYZER_NUMBER_OBJECT_CONVERSION = YES_AGGRESSIVE;
				CLANG_CXX_LANGUAGE_STANDARD = "gnu++0x";
				CLANG_CXX_LIBRARY = "libc++";
				CLANG_ENABLE_MODULES = YES;
				CLANG_ENABLE_OBJC_ARC = YES;
				CLANG_WARN_BOOL_CONVERSION = YES;
				CLANG_WARN_CONSTANT_CONVERSION = YES;
				CLANG_WARN_DIRECT_OBJC_ISA_USAGE = YES_ERROR;
				CLANG_WARN_DOCUMENTATION_COMMENTS = YES;
				CLANG_WARN_EMPTY_BODY = YES;
				CLANG_WARN_ENUM_CONVERSION = YES;
				CLANG_WARN_INFINITE_RECURSION = YES;
				CLANG_WARN_INT_CONVERSION = YES;
				CLANG_WARN_OBJC_ROOT_CLASS = YES_ERROR;
				CLANG_WARN_SUSPICIOUS_MOVE = YES;
				CLANG_WARN_UNREACHABLE_CODE = YES;
				CLANG_WARN__DUPLICATE_METHOD_MATCH = YES;
				"CODE_SIGN_IDENTITY[sdk=iphoneos*]" = "iPhone Developer";
				COPY_PHASE_STRIP = NO;
				DEBUG_INFORMATION_FORMAT = dwarf;
				ENABLE_STRICT_OBJC_MSGSEND = YES;
				ENABLE_TESTABILITY = YES;
				GCC_C_LANGUAGE_STANDARD = gnu99;
				GCC_DYNAMIC_NO_PIC = NO;
				GCC_NO_COMMON_BLOCKS = YES;
				GCC_OPTIMIZATION_LEVEL = 0;
				GCC_PREPROCESSOR_DEFINITIONS = (
					"DEBUG=1",
					"$(inherited)",
				);
				GCC_WARN_64_TO_32_BIT_CONVERSION = YES;
				GCC_WARN_ABOUT_RETURN_TYPE = YES_ERROR;
				GCC_WARN_UNDECLARED_SELECTOR = YES;
				GCC_WARN_UNINITIALIZED_AUTOS = YES_AGGRESSIVE;
				GCC_WARN_UNUSED_FUNCTION = YES;
				GCC_WARN_UNUSED_VARIABLE = YES;
				IPHONEOS_DEPLOYMENT_TARGET = 10.3;
				MTL_ENABLE_DEBUG_INFO = YES;
				ONLY_ACTIVE_ARCH = YES;
				SDKROOT = iphoneos;
				SWIFT_ACTIVE_COMPILATION_CONDITIONS = DEBUG;
				SWIFT_OPTIMIZATION_LEVEL = "-Onone";
				TARGETED_DEVICE_FAMILY = "1,2";
			};
			name = Debug;
		};
		141A99441EA991EC00F0CF92 /* Release */ = {
			isa = XCBuildConfiguration;
			buildSettings = {
				ALWAYS_SEARCH_USER_PATHS = NO;
				CLANG_ANALYZER_NONNULL = YES;
				CLANG_ANALYZER_NUMBER_OBJECT_CONVERSION = YES_AGGRESSIVE;
				CLANG_CXX_LANGUAGE_STANDARD = "gnu++0x";
				CLANG_CXX_LIBRARY = "libc++";
				CLANG_ENABLE_MODULES = YES;
				CLANG_ENABLE_OBJC_ARC = YES;
				CLANG_WARN_BOOL_CONVERSION = YES;
				CLANG_WARN_CONSTANT_CONVERSION = YES;
				CLANG_WARN_DIRECT_OBJC_ISA_USAGE = YES_ERROR;
				CLANG_WARN_DOCUMENTATION_COMMENTS = YES;
				CLANG_WARN_EMPTY_BODY = YES;
				CLANG_WARN_ENUM_CONVERSION = YES;
				CLANG_WARN_INFINITE_RECURSION = YES;
				CLANG_WARN_INT_CONVERSION = YES;
				CLANG_WARN_OBJC_ROOT_CLASS = YES_ERROR;
				CLANG_WARN_SUSPICIOUS_MOVE = YES;
				CLANG_WARN_UNREACHABLE_CODE = YES;
				CLANG_WARN__DUPLICATE_METHOD_MATCH = YES;
				"CODE_SIGN_IDENTITY[sdk=iphoneos*]" = "iPhone Developer";
				COPY_PHASE_STRIP = NO;
				DEBUG_INFORMATION_FORMAT = "dwarf-with-dsym";
				ENABLE_NS_ASSERTIONS = NO;
				ENABLE_STRICT_OBJC_MSGSEND = YES;
				GCC_C_LANGUAGE_STANDARD = gnu99;
				GCC_NO_COMMON_BLOCKS = YES;
				GCC_WARN_64_TO_32_BIT_CONVERSION = YES;
				GCC_WARN_ABOUT_RETURN_TYPE = YES_ERROR;
				GCC_WARN_UNDECLARED_SELECTOR = YES;
				GCC_WARN_UNINITIALIZED_AUTOS = YES_AGGRESSIVE;
				GCC_WARN_UNUSED_FUNCTION = YES;
				GCC_WARN_UNUSED_VARIABLE = YES;
				IPHONEOS_DEPLOYMENT_TARGET = 10.3;
				MTL_ENABLE_DEBUG_INFO = NO;
				SDKROOT = iphoneos;
				SWIFT_OPTIMIZATION_LEVEL = "-Owholemodule";
				TARGETED_DEVICE_FAMILY = "1,2";
				VALIDATE_PRODUCT = YES;
			};
			name = Release;
		};
		141A99461EA991EC00F0CF92 /* Debug */ = {
			isa = XCBuildConfiguration;
			buildSettings = {
				ASSETCATALOG_COMPILER_APPICON_NAME = AppIcon;
				"CODE_SIGN_IDENTITY[sdk=iphoneos*]" = "iPhone Developer";
				DEVELOPMENT_TEAM = D35W2W2S5R;
				INFOPLIST_FILE = "音乐播放器/Info.plist";
				LD_RUNPATH_SEARCH_PATHS = "$(inherited) @executable_path/Frameworks";
				PRODUCT_BUNDLE_IDENTIFIER = "huangbiyong.-----";
				PRODUCT_NAME = "$(TARGET_NAME)";
				PROVISIONING_PROFILE_SPECIFIER = "";
				SWIFT_VERSION = 3.0;
			};
			name = Debug;
		};
		141A99471EA991EC00F0CF92 /* Release */ = {
			isa = XCBuildConfiguration;
			buildSettings = {
				ASSETCATALOG_COMPILER_APPICON_NAME = AppIcon;
				"CODE_SIGN_IDENTITY[sdk=iphoneos*]" = "iPhone Developer";
				DEVELOPMENT_TEAM = D35W2W2S5R;
				INFOPLIST_FILE = "音乐播放器/Info.plist";
				LD_RUNPATH_SEARCH_PATHS = "$(inherited) @executable_path/Frameworks";
				PRODUCT_BUNDLE_IDENTIFIER = "huangbiyong.-----";
				PRODUCT_NAME = "$(TARGET_NAME)";
				PROVISIONING_PROFILE_SPECIFIER = "";
				SWIFT_VERSION = 3.0;
			};
			name = Release;
		};
		141A99491EA991EC00F0CF92 /* Debug */ = {
			isa = XCBuildConfiguration;
			buildSettings = {
				ALWAYS_EMBED_SWIFT_STANDARD_LIBRARIES = YES;
				BUNDLE_LOADER = "$(TEST_HOST)";
				INFOPLIST_FILE = "音乐播放器Tests/Info.plist";
				LD_RUNPATH_SEARCH_PATHS = "$(inherited) @executable_path/Frameworks @loader_path/Frameworks";
				PRODUCT_BUNDLE_IDENTIFIER = "huangbiyong.-----Tests";
				PRODUCT_NAME = "$(TARGET_NAME)";
				SWIFT_VERSION = 3.0;
				TEST_HOST = "$(BUILT_PRODUCTS_DIR)/音乐播放器.app/音乐播放器";
			};
			name = Debug;
		};
		141A994A1EA991EC00F0CF92 /* Release */ = {
			isa = XCBuildConfiguration;
			buildSettings = {
				ALWAYS_EMBED_SWIFT_STANDARD_LIBRARIES = YES;
				BUNDLE_LOADER = "$(TEST_HOST)";
				INFOPLIST_FILE = "音乐播放器Tests/Info.plist";
				LD_RUNPATH_SEARCH_PATHS = "$(inherited) @executable_path/Frameworks @loader_path/Frameworks";
				PRODUCT_BUNDLE_IDENTIFIER = "huangbiyong.-----Tests";
				PRODUCT_NAME = "$(TARGET_NAME)";
				SWIFT_VERSION = 3.0;
				TEST_HOST = "$(BUILT_PRODUCTS_DIR)/音乐播放器.app/音乐播放器";
			};
			name = Release;
		};
		141A994C1EA991EC00F0CF92 /* Debug */ = {
			isa = XCBuildConfiguration;
			buildSettings = {
				ALWAYS_EMBED_SWIFT_STANDARD_LIBRARIES = YES;
				INFOPLIST_FILE = "音乐播放器UITests/Info.plist";
				LD_RUNPATH_SEARCH_PATHS = "$(inherited) @executable_path/Frameworks @loader_path/Frameworks";
				PRODUCT_BUNDLE_IDENTIFIER = "huangbiyong.-----UITests";
				PRODUCT_NAME = "$(TARGET_NAME)";
				SWIFT_VERSION = 3.0;
				TEST_TARGET_NAME = "音乐播放器";
			};
			name = Debug;
		};
		141A994D1EA991EC00F0CF92 /* Release */ = {
			isa = XCBuildConfiguration;
			buildSettings = {
				ALWAYS_EMBED_SWIFT_STANDARD_LIBRARIES = YES;
				INFOPLIST_FILE = "音乐播放器UITests/Info.plist";
				LD_RUNPATH_SEARCH_PATHS = "$(inherited) @executable_path/Frameworks @loader_path/Frameworks";
				PRODUCT_BUNDLE_IDENTIFIER = "huangbiyong.-----UITests";
				PRODUCT_NAME = "$(TARGET_NAME)";
				SWIFT_VERSION = 3.0;
				TEST_TARGET_NAME = "音乐播放器";
			};
			name = Release;
		};
/* End XCBuildConfiguration section */

/* Begin XCConfigurationList section */
		141A99181EA991EB00F0CF92 /* Build configuration list for PBXProject "音乐播放器" */ = {
			isa = XCConfigurationList;
			buildConfigurations = (
				141A99431EA991EC00F0CF92 /* Debug */,
				141A99441EA991EC00F0CF92 /* Release */,
			);
			defaultConfigurationIsVisible = 0;
			defaultConfigurationName = Release;
		};
		141A99451EA991EC00F0CF92 /* Build configuration list for PBXNativeTarget "音乐播放器" */ = {
			isa = XCConfigurationList;
			buildConfigurations = (
				141A99461EA991EC00F0CF92 /* Debug */,
				141A99471EA991EC00F0CF92 /* Release */,
			);
			defaultConfigurationIsVisible = 0;
			defaultConfigurationName = Release;
		};
		141A99481EA991EC00F0CF92 /* Build configuration list for PBXNativeTarget "音乐播放器Tests" */ = {
			isa = XCConfigurationList;
			buildConfigurations = (
				141A99491EA991EC00F0CF92 /* Debug */,
				141A994A1EA991EC00F0CF92 /* Release */,
			);
			defaultConfigurationIsVisible = 0;
			defaultConfigurationName = Release;
		};
		141A994B1EA991EC00F0CF92 /* Build configuration list for PBXNativeTarget "音乐播放器UITests" */ = {
			isa = XCConfigurationList;
			buildConfigurations = (
				141A994C1EA991EC00F0CF92 /* Debug */,
				141A994D1EA991EC00F0CF92 /* Release */,
			);
			defaultConfigurationIsVisible = 0;
			defaultConfigurationName = Release;
		};
/* End XCConfigurationList section */
	};
	rootObject = 141A99151EA991EB00F0CF92 /* Project object */;
}
